
Microsoft Visual Studio Solution File, Format Version 12.00
# Visual Studio Version 17
VisualStudioVersion = 17.5.33424.131
MinimumVisualStudioVersion = 10.0.40219.1
Project("{9A19103F-16F7-4668-BE54-9A1E7A4F7556}") = "ToDoApi", "ToDoApi.csproj", "{0E4C5C3B-FFA8-4C6E-B17C-92E106BA5F38}"
EndProject
Project("{FAE04EC0-301F-11D3-BF4B-00C04F79EFBC}") = "ToDoRepository", "..\ToDo.Repository\ToDoRepository.csproj", "{73BF0704-2085-4237-8AEF-C00490AC97A9}"
EndProject
Global
	GlobalSection(SolutionConfigurationPlatforms) = preSolution
		Debug|Any CPU = Debug|Any CPU
		Release|Any CPU = Release|Any CPU
	EndGlobalSection
	GlobalSection(ProjectConfigurationPlatforms) = postSolution
		{0E4C5C3B-FFA8-4C6E-B17C-92E106BA5F38}.Debug|Any CPU.ActiveCfg = Debug|Any CPU
		{0E4C5C3B-FFA8-4C6E-B17C-92E106BA5F38}.Debug|Any CPU.Build.0 = Debug|Any CPU
		{0E4C5C3B-FFA8-4C6E-B17C-92E106BA5F38}.Release|Any CPU.ActiveCfg = Release|Any CPU
		{0E4C5C3B-FFA8-4C6E-B17C-92E106BA5F38}.Release|Any CPU.Build.0 = Release|Any CPU
		{73BF0704-2085-4237-8AEF-C00490AC97A9}.Debug|Any CPU.ActiveCfg = Debug|Any CPU
		{73BF0704-2085-4237-8AEF-C00490AC97A9}.Debug|Any CPU.Build.0 = Debug|Any CPU
		{73BF0704-2085-4237-8AEF-C00490AC97A9}.Release|Any CPU.ActiveCfg = Release|Any CPU
		{73BF0704-2085-4237-8AEF-C00490AC97A9}.Release|Any CPU.Build.0 = Release|Any CPU
	EndGlobalSection
	GlobalSection(SolutionProperties) = preSolution
		HideSolutionNode = FALSE
	EndGlobalSection
	GlobalSection(ExtensibilityGlobals) = postSolution
		SolutionGuid = {4C6257BA-D207-4E8D-9669-90599205931A}
	EndGlobalSection
EndGlobal
